
Microsoft Visual Studio Solution File, Format Version 12.00
# Visual Studio 15
VisualStudioVersion = 15.0.26124.0
MinimumVisualStudioVersion = 15.0.26124.0
Project("{FAE04EC0-301F-11D3-BF4B-00C04F79EFBC}") = "EmissaryBot", "EmissaryBot\EmissaryBot.csproj", "{DCD14A9F-522A-4F0E-82DA-FE59B253AB43}"
EndProject
Project("{FAE04EC0-301F-11D3-BF4B-00C04F79EFBC}") = "EmissaryAPI", "EmissaryAPI\EmissaryAPI.csproj", "{172978DE-6138-40BF-A992-6DDD83211DB4}"
EndProject
Project("{FAE04EC0-301F-11D3-BF4B-00C04F79EFBC}") = "EmissaryAPITests", "EmissaryAPITests\EmissaryAPITests.csproj", "{BB1AE190-8B73-480A-9893-ED7F80A8288C}"
EndProject
Project("{FAE04EC0-301F-11D3-BF4B-00C04F79EFBC}") = "EmissaryBotTests", "EmissaryBotTests\EmissaryBotTests.csproj", "{C7F63604-AC83-4277-95E5-3749A2B53417}"
EndProject
Global
	GlobalSection(SolutionConfigurationPlatforms) = preSolution
		Debug|Any CPU = Debug|Any CPU
		Debug|x64 = Debug|x64
		Debug|x86 = Debug|x86
		Release|Any CPU = Release|Any CPU
		Release|x64 = Release|x64
		Release|x86 = Release|x86
	EndGlobalSection
	GlobalSection(SolutionProperties) = preSolution
		HideSolutionNode = FALSE
	EndGlobalSection
	GlobalSection(ProjectConfigurationPlatforms) = postSolution
		{DCD14A9F-522A-4F0E-82DA-FE59B253AB43}.Debug|Any CPU.ActiveCfg = Debug|Any CPU
		{DCD14A9F-522A-4F0E-82DA-FE59B253AB43}.Debug|Any CPU.Build.0 = Debug|Any CPU
		{DCD14A9F-522A-4F0E-82DA-FE59B253AB43}.Debug|x64.ActiveCfg = Debug|Any CPU
		{DCD14A9F-522A-4F0E-82DA-FE59B253AB43}.Debug|x64.Build.0 = Debug|Any CPU
		{DCD14A9F-522A-4F0E-82DA-FE59B253AB43}.Debug|x86.ActiveCfg = Debug|Any CPU
		{DCD14A9F-522A-4F0E-82DA-FE59B253AB43}.Debug|x86.Build.0 = Debug|Any CPU
		{DCD14A9F-522A-4F0E-82DA-FE59B253AB43}.Release|Any CPU.ActiveCfg = Release|Any CPU
		{DCD14A9F-522A-4F0E-82DA-FE59B253AB43}.Release|Any CPU.Build.0 = Release|Any CPU
		{DCD14A9F-522A-4F0E-82DA-FE59B253AB43}.Release|x64.ActiveCfg = Release|Any CPU
		{DCD14A9F-522A-4F0E-82DA-FE59B253AB43}.Release|x64.Build.0 = Release|Any CPU
		{DCD14A9F-522A-4F0E-82DA-FE59B253AB43}.Release|x86.ActiveCfg = Release|Any CPU
		{DCD14A9F-522A-4F0E-82DA-FE59B253AB43}.Release|x86.Build.0 = Release|Any CPU
		{172978DE-6138-40BF-A992-6DDD83211DB4}.Debug|Any CPU.ActiveCfg = Debug|Any CPU
		{172978DE-6138-40BF-A992-6DDD83211DB4}.Debug|Any CPU.Build.0 = Debug|Any CPU
		{172978DE-6138-40BF-A992-6DDD83211DB4}.Debug|x64.ActiveCfg = Debug|Any CPU
		{172978DE-6138-40BF-A992-6DDD83211DB4}.Debug|x64.Build.0 = Debug|Any CPU
		{172978DE-6138-40BF-A992-6DDD83211DB4}.Debug|x86.ActiveCfg = Debug|Any CPU
		{172978DE-6138-40BF-A992-6DDD83211DB4}.Debug|x86.Build.0 = Debug|Any CPU
		{172978DE-6138-40BF-A992-6DDD83211DB4}.Release|Any CPU.ActiveCfg = Release|Any CPU
		{172978DE-6138-40BF-A992-6DDD83211DB4}.Release|Any CPU.Build.0 = Release|Any CPU
		{172978DE-6138-40BF-A992-6DDD83211DB4}.Release|x64.ActiveCfg = Release|Any CPU
		{172978DE-6138-40BF-A992-6DDD83211DB4}.Release|x64.Build.0 = Release|Any CPU
		{172978DE-6138-40BF-A992-6DDD83211DB4}.Release|x86.ActiveCfg = Release|Any CPU
		{172978DE-6138-40BF-A992-6DDD83211DB4}.Release|x86.Build.0 = Release|Any CPU
		{BB1AE190-8B73-480A-9893-ED7F80A8288C}.Debug|Any CPU.ActiveCfg = Debug|Any CPU
		{BB1AE190-8B73-480A-9893-ED7F80A8288C}.Debug|Any CPU.Build.0 = Debug|Any CPU
		{BB1AE190-8B73-480A-9893-ED7F80A8288C}.Debug|x64.ActiveCfg = Debug|Any CPU
		{BB1AE190-8B73-480A-9893-ED7F80A8288C}.Debug|x64.Build.0 = Debug|Any CPU
		{BB1AE190-8B73-480A-9893-ED7F80A8288C}.Debug|x86.ActiveCfg = Debug|Any CPU
		{BB1AE190-8B73-480A-9893-ED7F80A8288C}.Debug|x86.Build.0 = Debug|Any CPU
		{BB1AE190-8B73-480A-9893-ED7F80A8288C}.Release|Any CPU.ActiveCfg = Release|Any CPU
		{BB1AE190-8B73-480A-9893-ED7F80A8288C}.Release|Any CPU.Build.0 = Release|Any CPU
		{BB1AE190-8B73-480A-9893-ED7F80A8288C}.Release|x64.ActiveCfg = Release|Any CPU
		{BB1AE190-8B73-480A-9893-ED7F80A8288C}.Release|x64.Build.0 = Release|Any CPU
		{BB1AE190-8B73-480A-9893-ED7F80A8288C}.Release|x86.ActiveCfg = Release|Any CPU
		{BB1AE190-8B73-480A-9893-ED7F80A8288C}.Release|x86.Build.0 = Release|Any CPU
		{C7F63604-AC83-4277-95E5-3749A2B53417}.Debug|Any CPU.ActiveCfg = Debug|Any CPU
		{C7F63604-AC83-4277-95E5-3749A2B53417}.Debug|Any CPU.Build.0 = Debug|Any CPU
		{C7F63604-AC83-4277-95E5-3749A2B53417}.Debug|x64.ActiveCfg = Debug|Any CPU
		{C7F63604-AC83-4277-95E5-3749A2B53417}.Debug|x64.Build.0 = Debug|Any CPU
		{C7F63604-AC83-4277-95E5-3749A2B53417}.Debug|x86.ActiveCfg = Debug|Any CPU
		{C7F63604-AC83-4277-95E5-3749A2B53417}.Debug|x86.Build.0 = Debug|Any CPU
		{C7F63604-AC83-4277-95E5-3749A2B53417}.Release|Any CPU.ActiveCfg = Release|Any CPU
		{C7F63604-AC83-4277-95E5-3749A2B53417}.Release|Any CPU.Build.0 = Release|Any CPU
		{C7F63604-AC83-4277-95E5-3749A2B53417}.Release|x64.ActiveCfg = Release|Any CPU
		{C7F63604-AC83-4277-95E5-3749A2B53417}.Release|x64.Build.0 = Release|Any CPU
		{C7F63604-AC83-4277-95E5-3749A2B53417}.Release|x86.ActiveCfg = Release|Any CPU
		{C7F63604-AC83-4277-95E5-3749A2B53417}.Release|x86.Build.0 = Release|Any CPU
	EndGlobalSection
EndGlobal
